// !$*UTF8*$!
{
	archiveVersion = 1;
	classes = {
	};
	objectVersion = 55;
	objects = {

/* Begin PBXBuildFile section */
		0B49B62B28ABE8340029F519 /* Tests_macOS.swift in Sources */ = {isa = PBXBuildFile; fileRef = 0B49B62A28ABE8340029F519 /* Tests_macOS.swift */; };
		0B49B62D28ABE8340029F519 /* Tests_macOSLaunchTests.swift in Sources */ = {isa = PBXBuildFile; fileRef = 0B49B62C28ABE8340029F519 /* Tests_macOSLaunchTests.swift */; };
		0B49B62E28ABE8340029F519 /* DogAppApp.swift in Sources */ = {isa = PBXBuildFile; fileRef = 0B49B60628ABE8310029F519 /* DogAppApp.swift */; };
		0B49B62F28ABE8340029F519 /* DogAppApp.swift in Sources */ = {isa = PBXBuildFile; fileRef = 0B49B60628ABE8310029F519 /* DogAppApp.swift */; };
		0B49B63028ABE8340029F519 /* ContentView.swift in Sources */ = {isa = PBXBuildFile; fileRef = 0B49B60728ABE8310029F519 /* ContentView.swift */; };
		0B49B63128ABE8340029F519 /* ContentView.swift in Sources */ = {isa = PBXBuildFile; fileRef = 0B49B60728ABE8310029F519 /* ContentView.swift */; };
		0B49B63228ABE8340029F519 /* Assets.xcassets in Resources */ = {isa = PBXBuildFile; fileRef = 0B49B60828ABE8340029F519 /* Assets.xcassets */; };
		0B49B63328ABE8340029F519 /* Assets.xcassets in Resources */ = {isa = PBXBuildFile; fileRef = 0B49B60828ABE8340029F519 /* Assets.xcassets */; };
		0B49B64328ABE86B0029F519 /* DogService.swift in Sources */ = {isa = PBXBuildFile; fileRef = 0B49B64228ABE86B0029F519 /* DogService.swift */; };
		0B49B64428ABE86B0029F519 /* DogService.swift in Sources */ = {isa = PBXBuildFile; fileRef = 0B49B64228ABE86B0029F519 /* DogService.swift */; };
		0B49B64828ABEA6E0029F519 /* Breed.swift in Sources */ = {isa = PBXBuildFile; fileRef = 0B49B64728ABEA6E0029F519 /* Breed.swift */; };
		0B49B64928ABEA6E0029F519 /* Breed.swift in Sources */ = {isa = PBXBuildFile; fileRef = 0B49B64728ABEA6E0029F519 /* Breed.swift */; };
		0B49B64B28ABEBAA0029F519 /* BreedImage.swift in Sources */ = {isa = PBXBuildFile; fileRef = 0B49B64A28ABEBAA0029F519 /* BreedImage.swift */; };
		0B49B64C28ABEBAA0029F519 /* BreedImage.swift in Sources */ = {isa = PBXBuildFile; fileRef = 0B49B64A28ABEBAA0029F519 /* BreedImage.swift */; };
		0B49B64E28ABF12C0029F519 /* ContentView+ViewModel.swift in Sources */ = {isa = PBXBuildFile; fileRef = 0B49B64D28ABF12C0029F519 /* ContentView+ViewModel.swift */; };
		0B49B64F28ABF12C0029F519 /* ContentView+ViewModel.swift in Sources */ = {isa = PBXBuildFile; fileRef = 0B49B64D28ABF12C0029F519 /* ContentView+ViewModel.swift */; };
		0B49B65928AC13920029F519 /* DogDetails.swift in Sources */ = {isa = PBXBuildFile; fileRef = 0B49B65828AC13920029F519 /* DogDetails.swift */; };
		0B49B65A28AC13920029F519 /* DogDetails.swift in Sources */ = {isa = PBXBuildFile; fileRef = 0B49B65828AC13920029F519 /* DogDetails.swift */; };
		0B5E708D28C7D36C007A61A6 /* MockDogService.swift in Sources */ = {isa = PBXBuildFile; fileRef = 0B5E708C28C7D36C007A61A6 /* MockDogService.swift */; };
		0B7A9CD628AC1FC100A4EDD6 /* ContentView+ViewModelTests.swift in Sources */ = {isa = PBXBuildFile; fileRef = 0B7A9CD528AC1FC100A4EDD6 /* ContentView+ViewModelTests.swift */; };
/* End PBXBuildFile section */

/* Begin PBXContainerItemProxy section */
		0B49B62728ABE8340029F519 /* PBXContainerItemProxy */ = {
			isa = PBXContainerItemProxy;
			containerPortal = 0B49B60128ABE8310029F519 /* Project object */;
			proxyType = 1;
			remoteGlobalIDString = 0B49B61228ABE8340029F519;
			remoteInfo = "DogApp (macOS)";
		};
		0B7A9CD028AC1FA200A4EDD6 /* PBXContainerItemProxy */ = {
			isa = PBXContainerItemProxy;
			containerPortal = 0B49B60128ABE8310029F519 /* Project object */;
			proxyType = 1;
			remoteGlobalIDString = 0B49B60C28ABE8340029F519;
			remoteInfo = "DogApp (iOS)";
		};
/* End PBXContainerItemProxy section */

/* Begin PBXFileReference section */
		0B49B60628ABE8310029F519 /* DogAppApp.swift */ = {isa = PBXFileReference; lastKnownFileType = sourcecode.swift; path = DogAppApp.swift; sourceTree = "<group>"; };
		0B49B60728ABE8310029F519 /* ContentView.swift */ = {isa = PBXFileReference; lastKnownFileType = sourcecode.swift; path = ContentView.swift; sourceTree = "<group>"; };
		0B49B60828ABE8340029F519 /* Assets.xcassets */ = {isa = PBXFileReference; lastKnownFileType = folder.assetcatalog; path = Assets.xcassets; sourceTree = "<group>"; };
		0B49B60D28ABE8340029F519 /* DogApp.app */ = {isa = PBXFileReference; explicitFileType = wrapper.application; includeInIndex = 0; path = DogApp.app; sourceTree = BUILT_PRODUCTS_DIR; };
		0B49B61328ABE8340029F519 /* DogApp.app */ = {isa = PBXFileReference; explicitFileType = wrapper.application; includeInIndex = 0; path = DogApp.app; sourceTree = BUILT_PRODUCTS_DIR; };
		0B49B61528ABE8340029F519 /* macOS.entitlements */ = {isa = PBXFileReference; lastKnownFileType = text.plist.entitlements; path = macOS.entitlements; sourceTree = "<group>"; };
		0B49B62628ABE8340029F519 /* Tests macOS.xctest */ = {isa = PBXFileReference; explicitFileType = wrapper.cfbundle; includeInIndex = 0; path = "Tests macOS.xctest"; sourceTree = BUILT_PRODUCTS_DIR; };
		0B49B62A28ABE8340029F519 /* Tests_macOS.swift */ = {isa = PBXFileReference; lastKnownFileType = sourcecode.swift; path = Tests_macOS.swift; sourceTree = "<group>"; };
		0B49B62C28ABE8340029F519 /* Tests_macOSLaunchTests.swift */ = {isa = PBXFileReference; lastKnownFileType = sourcecode.swift; path = Tests_macOSLaunchTests.swift; sourceTree = "<group>"; };
		0B49B64228ABE86B0029F519 /* DogService.swift */ = {isa = PBXFileReference; lastKnownFileType = sourcecode.swift; path = DogService.swift; sourceTree = "<group>"; };
		0B49B64728ABEA6E0029F519 /* Breed.swift */ = {isa = PBXFileReference; lastKnownFileType = sourcecode.swift; path = Breed.swift; sourceTree = "<group>"; };
		0B49B64A28ABEBAA0029F519 /* BreedImage.swift */ = {isa = PBXFileReference; lastKnownFileType = sourcecode.swift; path = BreedImage.swift; sourceTree = "<group>"; };
		0B49B64D28ABF12C0029F519 /* ContentView+ViewModel.swift */ = {isa = PBXFileReference; lastKnownFileType = sourcecode.swift; path = "ContentView+ViewModel.swift"; sourceTree = "<group>"; };
		0B49B65828AC13920029F519 /* DogDetails.swift */ = {isa = PBXFileReference; lastKnownFileType = sourcecode.swift; path = DogDetails.swift; sourceTree = "<group>"; };
		0B5E708C28C7D36C007A61A6 /* MockDogService.swift */ = {isa = PBXFileReference; lastKnownFileType = sourcecode.swift; path = MockDogService.swift; sourceTree = "<group>"; };
		0B7A9CCC28AC1FA200A4EDD6 /* DogAppTests.xctest */ = {isa = PBXFileReference; explicitFileType = wrapper.cfbundle; includeInIndex = 0; path = DogAppTests.xctest; sourceTree = BUILT_PRODUCTS_DIR; };
		0B7A9CD528AC1FC100A4EDD6 /* ContentView+ViewModelTests.swift */ = {isa = PBXFileReference; lastKnownFileType = sourcecode.swift; path = "ContentView+ViewModelTests.swift"; sourceTree = "<group>"; };
/* End PBXFileReference section */

/* Begin PBXFrameworksBuildPhase section */
		0B49B60A28ABE8340029F519 /* Frameworks */ = {
			isa = PBXFrameworksBuildPhase;
			buildActionMask = 2147483647;
			files = (
			);
			runOnlyForDeploymentPostprocessing = 0;
		};
		0B49B61028ABE8340029F519 /* Frameworks */ = {
			isa = PBXFrameworksBuildPhase;
			buildActionMask = 2147483647;
			files = (
			);
			runOnlyForDeploymentPostprocessing = 0;
		};
		0B49B62328ABE8340029F519 /* Frameworks */ = {
			isa = PBXFrameworksBuildPhase;
			buildActionMask = 2147483647;
			files = (
			);
			runOnlyForDeploymentPostprocessing = 0;
		};
		0B7A9CC928AC1FA200A4EDD6 /* Frameworks */ = {
			isa = PBXFrameworksBuildPhase;
			buildActionMask = 2147483647;
			files = (
			);
			runOnlyForDeploymentPostprocessing = 0;
		};
/* End PBXFrameworksBuildPhase section */

/* Begin PBXGroup section */
		0B49B60028ABE8310029F519 = {
			isa = PBXGroup;
			children = (
				0B49B60528ABE8310029F519 /* Shared */,
				0B49B61428ABE8340029F519 /* macOS */,
				0B49B62928ABE8340029F519 /* Tests macOS */,
				0B7A9CCD28AC1FA200A4EDD6 /* DogAppTests */,
				0B49B60E28ABE8340029F519 /* Products */,
			);
			sourceTree = "<group>";
		};
		0B49B60528ABE8310029F519 /* Shared */ = {
			isa = PBXGroup;
			children = (
				0B49B64628ABE9F80029F519 /* Models */,
				0B49B60628ABE8310029F519 /* DogAppApp.swift */,
				0B49B60728ABE8310029F519 /* ContentView.swift */,
				0B49B65828AC13920029F519 /* DogDetails.swift */,
				0B49B64D28ABF12C0029F519 /* ContentView+ViewModel.swift */,
				0B49B60828ABE8340029F519 /* Assets.xcassets */,
				0B49B64228ABE86B0029F519 /* DogService.swift */,
			);
			path = Shared;
			sourceTree = "<group>";
		};
		0B49B60E28ABE8340029F519 /* Products */ = {
			isa = PBXGroup;
			children = (
				0B49B60D28ABE8340029F519 /* DogApp.app */,
				0B49B61328ABE8340029F519 /* DogApp.app */,
				0B49B62628ABE8340029F519 /* Tests macOS.xctest */,
				0B7A9CCC28AC1FA200A4EDD6 /* DogAppTests.xctest */,
			);
			name = Products;
			sourceTree = "<group>";
		};
		0B49B61428ABE8340029F519 /* macOS */ = {
			isa = PBXGroup;
			children = (
				0B49B61528ABE8340029F519 /* macOS.entitlements */,
			);
			path = macOS;
			sourceTree = "<group>";
		};
		0B49B62928ABE8340029F519 /* Tests macOS */ = {
			isa = PBXGroup;
			children = (
				0B49B62A28ABE8340029F519 /* Tests_macOS.swift */,
				0B49B62C28ABE8340029F519 /* Tests_macOSLaunchTests.swift */,
			);
			path = "Tests macOS";
			sourceTree = "<group>";
		};
		0B49B64628ABE9F80029F519 /* Models */ = {
			isa = PBXGroup;
			children = (
				0B49B64728ABEA6E0029F519 /* Breed.swift */,
				0B49B64A28ABEBAA0029F519 /* BreedImage.swift */,
			);
			path = Models;
			sourceTree = "<group>";
		};
		0B7A9CCD28AC1FA200A4EDD6 /* DogAppTests */ = {
			isa = PBXGroup;
			children = (
				0B7A9CD528AC1FC100A4EDD6 /* ContentView+ViewModelTests.swift */,
				0B5E708C28C7D36C007A61A6 /* MockDogService.swift */,
			);
			path = DogAppTests;
			sourceTree = "<group>";
		};
/* End PBXGroup section */

/* Begin PBXNativeTarget section */
		0B49B60C28ABE8340029F519 /* DogApp (iOS) */ = {
			isa = PBXNativeTarget;
			buildConfigurationList = 0B49B63628ABE8340029F519 /* Build configuration list for PBXNativeTarget "DogApp (iOS)" */;
			buildPhases = (
				0B49B60928ABE8340029F519 /* Sources */,
				0B49B60A28ABE8340029F519 /* Frameworks */,
				0B49B60B28ABE8340029F519 /* Resources */,
			);
			buildRules = (
			);
			dependencies = (
			);
			name = "DogApp (iOS)";
			productName = "DogApp (iOS)";
			productReference = 0B49B60D28ABE8340029F519 /* DogApp.app */;
			productType = "com.apple.product-type.application";
		};
		0B49B61228ABE8340029F519 /* DogApp (macOS) */ = {
			isa = PBXNativeTarget;
			buildConfigurationList = 0B49B63928ABE8340029F519 /* Build configuration list for PBXNativeTarget "DogApp (macOS)" */;
			buildPhases = (
				0B49B60F28ABE8340029F519 /* Sources */,
				0B49B61028ABE8340029F519 /* Frameworks */,
				0B49B61128ABE8340029F519 /* Resources */,
			);
			buildRules = (
			);
			dependencies = (
			);
			name = "DogApp (macOS)";
			productName = "DogApp (macOS)";
			productReference = 0B49B61328ABE8340029F519 /* DogApp.app */;
			productType = "com.apple.product-type.application";
		};
		0B49B62528ABE8340029F519 /* Tests macOS */ = {
			isa = PBXNativeTarget;
			buildConfigurationList = 0B49B63F28ABE8340029F519 /* Build configuration list for PBXNativeTarget "Tests macOS" */;
			buildPhases = (
				0B49B62228ABE8340029F519 /* Sources */,
				0B49B62328ABE8340029F519 /* Frameworks */,
				0B49B62428ABE8340029F519 /* Resources */,
			);
			buildRules = (
			);
			dependencies = (
				0B49B62828ABE8340029F519 /* PBXTargetDependency */,
			);
			name = "Tests macOS";
			productName = "Tests macOS";
			productReference = 0B49B62628ABE8340029F519 /* Tests macOS.xctest */;
			productType = "com.apple.product-type.bundle.ui-testing";
		};
		0B7A9CCB28AC1FA200A4EDD6 /* DogAppTests */ = {
			isa = PBXNativeTarget;
			buildConfigurationList = 0B7A9CD228AC1FA200A4EDD6 /* Build configuration list for PBXNativeTarget "DogAppTests" */;
			buildPhases = (
				0B7A9CC828AC1FA200A4EDD6 /* Sources */,
				0B7A9CC928AC1FA200A4EDD6 /* Frameworks */,
				0B7A9CCA28AC1FA200A4EDD6 /* Resources */,
			);
			buildRules = (
			);
			dependencies = (
				0B7A9CD128AC1FA200A4EDD6 /* PBXTargetDependency */,
			);
			name = DogAppTests;
			productName = DogAppTests;
			productReference = 0B7A9CCC28AC1FA200A4EDD6 /* DogAppTests.xctest */;
			productType = "com.apple.product-type.bundle.unit-test";
		};
/* End PBXNativeTarget section */

/* Begin PBXProject section */
		0B49B60128ABE8310029F519 /* Project object */ = {
			isa = PBXProject;
			attributes = {
				BuildIndependentTargetsInParallel = 1;
				LastSwiftUpdateCheck = 1330;
				LastUpgradeCheck = 1330;
				TargetAttributes = {
					0B49B60C28ABE8340029F519 = {
						CreatedOnToolsVersion = 13.3.1;
					};
					0B49B61228ABE8340029F519 = {
						CreatedOnToolsVersion = 13.3.1;
					};
					0B49B62528ABE8340029F519 = {
						CreatedOnToolsVersion = 13.3.1;
						TestTargetID = 0B49B61228ABE8340029F519;
					};
					0B7A9CCB28AC1FA200A4EDD6 = {
						CreatedOnToolsVersion = 13.3.1;
						TestTargetID = 0B49B60C28ABE8340029F519;
					};
				};
			};
			buildConfigurationList = 0B49B60428ABE8310029F519 /* Build configuration list for PBXProject "DogApp" */;
			compatibilityVersion = "Xcode 13.0";
			developmentRegion = en;
			hasScannedForEncodings = 0;
			knownRegions = (
				en,
				Base,
			);
			mainGroup = 0B49B60028ABE8310029F519;
			productRefGroup = 0B49B60E28ABE8340029F519 /* Products */;
			projectDirPath = "";
			projectRoot = "";
			targets = (
				0B49B60C28ABE8340029F519 /* DogApp (iOS) */,
				0B49B61228ABE8340029F519 /* DogApp (macOS) */,
				0B49B62528ABE8340029F519 /* Tests macOS */,
				0B7A9CCB28AC1FA200A4EDD6 /* DogAppTests */,
			);
		};
/* End PBXProject section */

/* Begin PBXResourcesBuildPhase section */
		0B49B60B28ABE8340029F519 /* Resources */ = {
			isa = PBXResourcesBuildPhase;
			buildActionMask = 2147483647;
			files = (
				0B49B63228ABE8340029F519 /* Assets.xcassets in Resources */,
			);
			runOnlyForDeploymentPostprocessing = 0;
		};
		0B49B61128ABE8340029F519 /* Resources */ = {
			isa = PBXResourcesBuildPhase;
			buildActionMask = 2147483647;
			files = (
				0B49B63328ABE8340029F519 /* Assets.xcassets in Resources */,
			);
			runOnlyForDeploymentPostprocessing = 0;
		};
		0B49B62428ABE8340029F519 /* Resources */ = {
			isa = PBXResourcesBuildPhase;
			buildActionMask = 2147483647;
			files = (
			);
			runOnlyForDeploymentPostprocessing = 0;
		};
		0B7A9CCA28AC1FA200A4EDD6 /* Resources */ = {
			isa = PBXResourcesBuildPhase;
			buildActionMask = 2147483647;
			files = (
			);
			runOnlyForDeploymentPostprocessing = 0;
		};
/* End PBXResourcesBuildPhase section */

/* Begin PBXSourcesBuildPhase section */
		0B49B60928ABE8340029F519 /* Sources */ = {
			isa = PBXSourcesBuildPhase;
			buildActionMask = 2147483647;
			files = (
				0B49B64828ABEA6E0029F519 /* Breed.swift in Sources */,
				0B49B64328ABE86B0029F519 /* DogService.swift in Sources */,
				0B49B63028ABE8340029F519 /* ContentView.swift in Sources */,
				0B49B64B28ABEBAA0029F519 /* BreedImage.swift in Sources */,
				0B49B65928AC13920029F519 /* DogDetails.swift in Sources */,
				0B49B62E28ABE8340029F519 /* DogAppApp.swift in Sources */,
				0B49B64E28ABF12C0029F519 /* ContentView+ViewModel.swift in Sources */,
			);
			runOnlyForDeploymentPostprocessing = 0;
		};
		0B49B60F28ABE8340029F519 /* Sources */ = {
			isa = PBXSourcesBuildPhase;
			buildActionMask = 2147483647;
			files = (
				0B49B64928ABEA6E0029F519 /* Breed.swift in Sources */,
				0B49B64428ABE86B0029F519 /* DogService.swift in Sources */,
				0B49B63128ABE8340029F519 /* ContentView.swift in Sources */,
				0B49B64C28ABEBAA0029F519 /* BreedImage.swift in Sources */,
				0B49B65A28AC13920029F519 /* DogDetails.swift in Sources */,
				0B49B62F28ABE8340029F519 /* DogAppApp.swift in Sources */,
				0B49B64F28ABF12C0029F519 /* ContentView+ViewModel.swift in Sources */,
			);
			runOnlyForDeploymentPostprocessing = 0;
		};
		0B49B62228ABE8340029F519 /* Sources */ = {
			isa = PBXSourcesBuildPhase;
			buildActionMask = 2147483647;
			files = (
				0B49B62D28ABE8340029F519 /* Tests_macOSLaunchTests.swift in Sources */,
				0B49B62B28ABE8340029F519 /* Tests_macOS.swift in Sources */,
			);
			runOnlyForDeploymentPostprocessing = 0;
		};
		0B7A9CC828AC1FA200A4EDD6 /* Sources */ = {
			isa = PBXSourcesBuildPhase;
			buildActionMask = 2147483647;
			files = (
				0B5E708D28C7D36C007A61A6 /* MockDogService.swift in Sources */,
				0B7A9CD628AC1FC100A4EDD6 /* ContentView+ViewModelTests.swift in Sources */,
			);
			runOnlyForDeploymentPostprocessing = 0;
		};
/* End PBXSourcesBuildPhase section */

/* Begin PBXTargetDependency section */
		0B49B62828ABE8340029F519 /* PBXTargetDependency */ = {
			isa = PBXTargetDependency;
			target = 0B49B61228ABE8340029F519 /* DogApp (macOS) */;
			targetProxy = 0B49B62728ABE8340029F519 /* PBXContainerItemProxy */;
		};
		0B7A9CD128AC1FA200A4EDD6 /* PBXTargetDependency */ = {
			isa = PBXTargetDependency;
			target = 0B49B60C28ABE8340029F519 /* DogApp (iOS) */;
			targetProxy = 0B7A9CD028AC1FA200A4EDD6 /* PBXContainerItemProxy */;
		};
/* End PBXTargetDependency section */

/* Begin XCBuildConfiguration section */
		0B49B63428ABE8340029F519 /* Debug */ = {
			isa = XCBuildConfiguration;
			buildSettings = {
				ALWAYS_SEARCH_USER_PATHS = NO;
				CLANG_ANALYZER_NONNULL = YES;
				CLANG_ANALYZER_NUMBER_OBJECT_CONVERSION = YES_AGGRESSIVE;
				CLANG_CXX_LANGUAGE_STANDARD = "gnu++17";
				CLANG_ENABLE_MODULES = YES;
				CLANG_ENABLE_OBJC_ARC = YES;
				CLANG_ENABLE_OBJC_WEAK = YES;
				CLANG_WARN_BLOCK_CAPTURE_AUTORELEASING = YES;
				CLANG_WARN_BOOL_CONVERSION = YES;
				CLANG_WARN_COMMA = YES;
				CLANG_WARN_CONSTANT_CONVERSION = YES;
				CLANG_WARN_DEPRECATED_OBJC_IMPLEMENTATIONS = YES;
				CLANG_WARN_DIRECT_OBJC_ISA_USAGE = YES_ERROR;
				CLANG_WARN_DOCUMENTATION_COMMENTS = YES;
				CLANG_WARN_EMPTY_BODY = YES;
				CLANG_WARN_ENUM_CONVERSION = YES;
				CLANG_WARN_INFINITE_RECURSION = YES;
				CLANG_WARN_INT_CONVERSION = YES;
				CLANG_WARN_NON_LITERAL_NULL_CONVERSION = YES;
				CLANG_WARN_OBJC_IMPLICIT_RETAIN_SELF = YES;
				CLANG_WARN_OBJC_LITERAL_CONVERSION = YES;
				CLANG_WARN_OBJC_ROOT_CLASS = YES_ERROR;
				CLANG_WARN_QUOTED_INCLUDE_IN_FRAMEWORK_HEADER = YES;
				CLANG_WARN_RANGE_LOOP_ANALYSIS = YES;
				CLANG_WARN_STRICT_PROTOTYPES = YES;
				CLANG_WARN_SUSPICIOUS_MOVE = YES;
				CLANG_WARN_UNGUARDED_AVAILABILITY = YES_AGGRESSIVE;
				CLANG_WARN_UNREACHABLE_CODE = YES;
				CLANG_WARN__DUPLICATE_METHOD_MATCH = YES;
				COPY_PHASE_STRIP = NO;
				DEBUG_INFORMATION_FORMAT = dwarf;
				ENABLE_STRICT_OBJC_MSGSEND = YES;
				ENABLE_TESTABILITY = YES;
				GCC_C_LANGUAGE_STANDARD = gnu11;
				GCC_DYNAMIC_NO_PIC = NO;
				GCC_NO_COMMON_BLOCKS = YES;
				GCC_OPTIMIZATION_LEVEL = 0;
				GCC_PREPROCESSOR_DEFINITIONS = (
					"DEBUG=1",
					"$(inherited)",
				);
				GCC_WARN_64_TO_32_BIT_CONVERSION = YES;
				GCC_WARN_ABOUT_RETURN_TYPE = YES_ERROR;
				GCC_WARN_UNDECLARED_SELECTOR = YES;
				GCC_WARN_UNINITIALIZED_AUTOS = YES_AGGRESSIVE;
				GCC_WARN_UNUSED_FUNCTION = YES;
				GCC_WARN_UNUSED_VARIABLE = YES;
				MTL_ENABLE_DEBUG_INFO = INCLUDE_SOURCE;
				MTL_FAST_MATH = YES;
				ONLY_ACTIVE_ARCH = YES;
				SWIFT_ACTIVE_COMPILATION_CONDITIONS = DEBUG;
				SWIFT_OPTIMIZATION_LEVEL = "-Onone";
			};
			name = Debug;
		};
		0B49B63528ABE8340029F519 /* Release */ = {
			isa = XCBuildConfiguration;
			buildSettings = {
				ALWAYS_SEARCH_USER_PATHS = NO;
				CLANG_ANALYZER_NONNULL = YES;
				CLANG_ANALYZER_NUMBER_OBJECT_CONVERSION = YES_AGGRESSIVE;
				CLANG_CXX_LANGUAGE_STANDARD = "gnu++17";
				CLANG_ENABLE_MODULES = YES;
				CLANG_ENABLE_OBJC_ARC = YES;
				CLANG_ENABLE_OBJC_WEAK = YES;
				CLANG_WARN_BLOCK_CAPTURE_AUTORELEASING = YES;
				CLANG_WARN_BOOL_CONVERSION = YES;
				CLANG_WARN_COMMA = YES;
				CLANG_WARN_CONSTANT_CONVERSION = YES;
				CLANG_WARN_DEPRECATED_OBJC_IMPLEMENTATIONS = YES;
				CLANG_WARN_DIRECT_OBJC_ISA_USAGE = YES_ERROR;
				CLANG_WARN_DOCUMENTATION_COMMENTS = YES;
				CLANG_WARN_EMPTY_BODY = YES;
				CLANG_WARN_ENUM_CONVERSION = YES;
				CLANG_WARN_INFINITE_RECURSION = YES;
				CLANG_WARN_INT_CONVERSION = YES;
				CLANG_WARN_NON_LITERAL_NULL_CONVERSION = YES;
				CLANG_WARN_OBJC_IMPLICIT_RETAIN_SELF = YES;
				CLANG_WARN_OBJC_LITERAL_CONVERSION = YES;
				CLANG_WARN_OBJC_ROOT_CLASS = YES_ERROR;
				CLANG_WARN_QUOTED_INCLUDE_IN_FRAMEWORK_HEADER = YES;
				CLANG_WARN_RANGE_LOOP_ANALYSIS = YES;
				CLANG_WARN_STRICT_PROTOTYPES = YES;
				CLANG_WARN_SUSPICIOUS_MOVE = YES;
				CLANG_WARN_UNGUARDED_AVAILABILITY = YES_AGGRESSIVE;
				CLANG_WARN_UNREACHABLE_CODE = YES;
				CLANG_WARN__DUPLICATE_METHOD_MATCH = YES;
				COPY_PHASE_STRIP = NO;
				DEBUG_INFORMATION_FORMAT = "dwarf-with-dsym";
				ENABLE_NS_ASSERTIONS = NO;
				ENABLE_STRICT_OBJC_MSGSEND = YES;
				GCC_C_LANGUAGE_STANDARD = gnu11;
				GCC_NO_COMMON_BLOCKS = YES;
				GCC_WARN_64_TO_32_BIT_CONVERSION = YES;
				GCC_WARN_ABOUT_RETURN_TYPE = YES_ERROR;
				GCC_WARN_UNDECLARED_SELECTOR = YES;
				GCC_WARN_UNINITIALIZED_AUTOS = YES_AGGRESSIVE;
				GCC_WARN_UNUSED_FUNCTION = YES;
				GCC_WARN_UNUSED_VARIABLE = YES;
				MTL_ENABLE_DEBUG_INFO = NO;
				MTL_FAST_MATH = YES;
				SWIFT_COMPILATION_MODE = wholemodule;
				SWIFT_OPTIMIZATION_LEVEL = "-O";
			};
			name = Release;
		};
		0B49B63728ABE8340029F519 /* Debug */ = {
			isa = XCBuildConfiguration;
			buildSettings = {
				ASSETCATALOG_COMPILER_APPICON_NAME = AppIcon;
				ASSETCATALOG_COMPILER_GLOBAL_ACCENT_COLOR_NAME = AccentColor;
				CODE_SIGN_STYLE = Automatic;
				CURRENT_PROJECT_VERSION = 1;
				DEVELOPMENT_TEAM = 8WPX9AT5F4;
				ENABLE_PREVIEWS = YES;
				GENERATE_INFOPLIST_FILE = YES;
				INFOPLIST_KEY_UIApplicationSceneManifest_Generation = YES;
				INFOPLIST_KEY_UIApplicationSupportsIndirectInputEvents = YES;
				INFOPLIST_KEY_UILaunchScreen_Generation = YES;
				INFOPLIST_KEY_UISupportedInterfaceOrientations_iPad = "UIInterfaceOrientationPortrait UIInterfaceOrientationPortraitUpsideDown UIInterfaceOrientationLandscapeLeft UIInterfaceOrientationLandscapeRight";
				INFOPLIST_KEY_UISupportedInterfaceOrientations_iPhone = "UIInterfaceOrientationPortrait UIInterfaceOrientationLandscapeLeft UIInterfaceOrientationLandscapeRight";
				IPHONEOS_DEPLOYMENT_TARGET = 15.4;
				LD_RUNPATH_SEARCH_PATHS = (
					"$(inherited)",
					"@executable_path/Frameworks",
				);
				MARKETING_VERSION = 1.0;
				PRODUCT_BUNDLE_IDENTIFIER = com.apple.radar.interview.DogApp;
				PRODUCT_NAME = DogApp;
				SDKROOT = iphoneos;
				SWIFT_EMIT_LOC_STRINGS = YES;
				SWIFT_VERSION = 5.0;
				TARGETED_DEVICE_FAMILY = "1,2";
			};
			name = Debug;
		};
		0B49B63828ABE8340029F519 /* Release */ = {
			isa = XCBuildConfiguration;
			buildSettings = {
				ASSETCATALOG_COMPILER_APPICON_NAME = AppIcon;
				ASSETCATALOG_COMPILER_GLOBAL_ACCENT_COLOR_NAME = AccentColor;
				CODE_SIGN_STYLE = Automatic;
				CURRENT_PROJECT_VERSION = 1;
				DEVELOPMENT_TEAM = 8WPX9AT5F4;
				ENABLE_PREVIEWS = YES;
				GENERATE_INFOPLIST_FILE = YES;
				INFOPLIST_KEY_UIApplicationSceneManifest_Generation = YES;
				INFOPLIST_KEY_UIApplicationSupportsIndirectInputEvents = YES;
				INFOPLIST_KEY_UILaunchScreen_Generation = YES;
				INFOPLIST_KEY_UISupportedInterfaceOrientations_iPad = "UIInterfaceOrientationPortrait UIInterfaceOrientationPortraitUpsideDown UIInterfaceOrientationLandscapeLeft UIInterfaceOrientationLandscapeRight";
				INFOPLIST_KEY_UISupportedInterfaceOrientations_iPhone = "UIInterfaceOrientationPortrait UIInterfaceOrientationLandscapeLeft UIInterfaceOrientationLandscapeRight";
				IPHONEOS_DEPLOYMENT_TARGET = 15.4;
				LD_RUNPATH_SEARCH_PATHS = (
					"$(inherited)",
					"@executable_path/Frameworks",
				);
				MARKETING_VERSION = 1.0;
				PRODUCT_BUNDLE_IDENTIFIER = com.apple.radar.interview.DogApp;
				PRODUCT_NAME = DogApp;
				SDKROOT = iphoneos;
				SWIFT_EMIT_LOC_STRINGS = YES;
				SWIFT_VERSION = 5.0;
				TARGETED_DEVICE_FAMILY = "1,2";
				VALIDATE_PRODUCT = YES;
			};
			name = Release;
		};
		0B49B63A28ABE8340029F519 /* Debug */ = {
			isa = XCBuildConfiguration;
			buildSettings = {
				ASSETCATALOG_COMPILER_APPICON_NAME = AppIcon;
				ASSETCATALOG_COMPILER_GLOBAL_ACCENT_COLOR_NAME = AccentColor;
				CODE_SIGN_ENTITLEMENTS = macOS/macOS.entitlements;
				CODE_SIGN_STYLE = Automatic;
				COMBINE_HIDPI_IMAGES = YES;
				CURRENT_PROJECT_VERSION = 1;
				DEVELOPMENT_TEAM = 8WPX9AT5F4;
				ENABLE_HARDENED_RUNTIME = YES;
				ENABLE_PREVIEWS = YES;
				GENERATE_INFOPLIST_FILE = YES;
				INFOPLIST_KEY_NSHumanReadableCopyright = "";
				LD_RUNPATH_SEARCH_PATHS = (
					"$(inherited)",
					"@executable_path/../Frameworks",
				);
				MACOSX_DEPLOYMENT_TARGET = 12.3;
				MARKETING_VERSION = 1.0;
				PRODUCT_BUNDLE_IDENTIFIER = com.paul.DogApp;
				PRODUCT_NAME = DogApp;
				SDKROOT = macosx;
				SWIFT_EMIT_LOC_STRINGS = YES;
				SWIFT_VERSION = 5.0;
			};
			name = Debug;
		};
		0B49B63B28ABE8340029F519 /* Release */ = {
			isa = XCBuildConfiguration;
			buildSettings = {
				ASSETCATALOG_COMPILER_APPICON_NAME = AppIcon;
				ASSETCATALOG_COMPILER_GLOBAL_ACCENT_COLOR_NAME = AccentColor;
				CODE_SIGN_ENTITLEMENTS = macOS/macOS.entitlements;
				CODE_SIGN_STYLE = Automatic;
				COMBINE_HIDPI_IMAGES = YES;
				CURRENT_PROJECT_VERSION = 1;
				DEVELOPMENT_TEAM = 8WPX9AT5F4;
				ENABLE_HARDENED_RUNTIME = YES;
				ENABLE_PREVIEWS = YES;
				GENERATE_INFOPLIST_FILE = YES;
				INFOPLIST_KEY_NSHumanReadableCopyright = "";
				LD_RUNPATH_SEARCH_PATHS = (
					"$(inherited)",
					"@executable_path/../Frameworks",
				);
				MACOSX_DEPLOYMENT_TARGET = 12.3;
				MARKETING_VERSION = 1.0;
				PRODUCT_BUNDLE_IDENTIFIER = com.paul.DogApp;
				PRODUCT_NAME = DogApp;
				SDKROOT = macosx;
				SWIFT_EMIT_LOC_STRINGS = YES;
				SWIFT_VERSION = 5.0;
			};
			name = Release;
		};
		0B49B64028ABE8340029F519 /* Debug */ = {
			isa = XCBuildConfiguration;
			buildSettings = {
				ALWAYS_EMBED_SWIFT_STANDARD_LIBRARIES = YES;
				CODE_SIGN_STYLE = Automatic;
				CURRENT_PROJECT_VERSION = 1;
				DEVELOPMENT_TEAM = 8WPX9AT5F4;
				GENERATE_INFOPLIST_FILE = YES;
				MACOSX_DEPLOYMENT_TARGET = 12.3;
				MARKETING_VERSION = 1.0;
				PRODUCT_BUNDLE_IDENTIFIER = "com.paul.Tests-macOS";
				PRODUCT_NAME = "$(TARGET_NAME)";
				SDKROOT = macosx;
				SWIFT_EMIT_LOC_STRINGS = NO;
				SWIFT_VERSION = 5.0;
				TEST_TARGET_NAME = "DogApp (macOS)";
			};
			name = Debug;
		};
		0B49B64128ABE8340029F519 /* Release */ = {
			isa = XCBuildConfiguration;
			buildSettings = {
				ALWAYS_EMBED_SWIFT_STANDARD_LIBRARIES = YES;
				CODE_SIGN_STYLE = Automatic;
				CURRENT_PROJECT_VERSION = 1;
				DEVELOPMENT_TEAM = 8WPX9AT5F4;
				GENERATE_INFOPLIST_FILE = YES;
				MACOSX_DEPLOYMENT_TARGET = 12.3;
				MARKETING_VERSION = 1.0;
				PRODUCT_BUNDLE_IDENTIFIER = "com.paul.Tests-macOS";
				PRODUCT_NAME = "$(TARGET_NAME)";
				SDKROOT = macosx;
				SWIFT_EMIT_LOC_STRINGS = NO;
				SWIFT_VERSION = 5.0;
				TEST_TARGET_NAME = "DogApp (macOS)";
			};
			name = Release;
		};
		0B7A9CD328AC1FA200A4EDD6 /* Debug */ = {
			isa = XCBuildConfiguration;
			buildSettings = {
				BUNDLE_LOADER = "$(TEST_HOST)";
				CODE_SIGN_STYLE = Automatic;
				CURRENT_PROJECT_VERSION = 1;
				DEVELOPMENT_TEAM = 8WPX9AT5F4;
				GENERATE_INFOPLIST_FILE = YES;
				IPHONEOS_DEPLOYMENT_TARGET = 15.4;
				MARKETING_VERSION = 1.0;
				PRODUCT_BUNDLE_IDENTIFIER = com.paul.DogAppTests;
				PRODUCT_NAME = "$(TARGET_NAME)";
				SDKROOT = iphoneos;
				SWIFT_EMIT_LOC_STRINGS = NO;
				SWIFT_VERSION = 5.0;
				TARGETED_DEVICE_FAMILY = "1,2";
				TEST_HOST = "$(BUILT_PRODUCTS_DIR)/DogApp.app/DogApp";
			};
			name = Debug;
		};
		0B7A9CD428AC1FA200A4EDD6 /* Release */ = {
			isa = XCBuildConfiguration;
			buildSettings = {
				BUNDLE_LOADER = "$(TEST_HOST)";
				CODE_SIGN_STYLE = Automatic;
				CURRENT_PROJECT_VERSION = 1;
				DEVELOPMENT_TEAM = 8WPX9AT5F4;
				GENERATE_INFOPLIST_FILE = YES;
				IPHONEOS_DEPLOYMENT_TARGET = 15.4;
				MARKETING_VERSION = 1.0;
				PRODUCT_BUNDLE_IDENTIFIER = com.paul.DogAppTests;
				PRODUCT_NAME = "$(TARGET_NAME)";
				SDKROOT = iphoneos;
				SWIFT_EMIT_LOC_STRINGS = NO;
				SWIFT_VERSION = 5.0;
				TARGETED_DEVICE_FAMILY = "1,2";
				TEST_HOST = "$(BUILT_PRODUCTS_DIR)/DogApp.app/DogApp";
				VALIDATE_PRODUCT = YES;
			};
			name = Release;
		};
/* End XCBuildConfiguration section */

/* Begin XCConfigurationList section */
		0B49B60428ABE8310029F519 /* Build configuration list for PBXProject "DogApp" */ = {
			isa = XCConfigurationList;
			buildConfigurations = (
				0B49B63428ABE8340029F519 /* Debug */,
				0B49B63528ABE8340029F519 /* Release */,
			);
			defaultConfigurationIsVisible = 0;
			defaultConfigurationName = Release;
		};
		0B49B63628ABE8340029F519 /* Build configuration list for PBXNativeTarget "DogApp (iOS)" */ = {
			isa = XCConfigurationList;
			buildConfigurations = (
				0B49B63728ABE8340029F519 /* Debug */,
				0B49B63828ABE8340029F519 /* Release */,
			);
			defaultConfigurationIsVisible = 0;
			defaultConfigurationName = Release;
		};
		0B49B63928ABE8340029F519 /* Build configuration list for PBXNativeTarget "DogApp (macOS)" */ = {
			isa = XCConfigurationList;
			buildConfigurations = (
				0B49B63A28ABE8340029F519 /* Debug */,
				0B49B63B28ABE8340029F519 /* Release */,
			);
			defaultConfigurationIsVisible = 0;
			defaultConfigurationName = Release;
		};
		0B49B63F28ABE8340029F519 /* Build configuration list for PBXNativeTarget "Tests macOS" */ = {
			isa = XCConfigurationList;
			buildConfigurations = (
				0B49B64028ABE8340029F519 /* Debug */,
				0B49B64128ABE8340029F519 /* Release */,
			);
			defaultConfigurationIsVisible = 0;
			defaultConfigurationName = Release;
		};
		0B7A9CD228AC1FA200A4EDD6 /* Build configuration list for PBXNativeTarget "DogAppTests" */ = {
			isa = XCConfigurationList;
			buildConfigurations = (
				0B7A9CD328AC1FA200A4EDD6 /* Debug */,
				0B7A9CD428AC1FA200A4EDD6 /* Release */,
			);
			defaultConfigurationIsVisible = 0;
			defaultConfigurationName = Release;
		};
/* End XCConfigurationList section */
	};
	rootObject = 0B49B60128ABE8310029F519 /* Project object */;
}
